// !$*UTF8*$!
{
	archiveVersion = 1;
	classes = {
	};
	objectVersion = 50;
	objects = {

/* Begin PBXBuildFile section */
		323535A022FB1D5900B62D3E /* Item.swift in Sources */ = {isa = PBXBuildFile; fileRef = 3235359F22FB1D5900B62D3E /* Item.swift */; };
		323CEE3E22F7161F0072054B /* AppDelegate.swift in Sources */ = {isa = PBXBuildFile; fileRef = 323CEE3D22F7161F0072054B /* AppDelegate.swift */; };
		323CEE4022F7161F0072054B /* TodoListViewController.swift in Sources */ = {isa = PBXBuildFile; fileRef = 323CEE3F22F7161F0072054B /* TodoListViewController.swift */; };
		323CEE4322F7161F0072054B /* Main.storyboard in Resources */ = {isa = PBXBuildFile; fileRef = 323CEE4122F7161F0072054B /* Main.storyboard */; };
		323CEE4622F7161F0072054B /* Todoey.xcdatamodeld in Sources */ = {isa = PBXBuildFile; fileRef = 323CEE4422F7161F0072054B /* Todoey.xcdatamodeld */; };
		323CEE4822F716210072054B /* Assets.xcassets in Resources */ = {isa = PBXBuildFile; fileRef = 323CEE4722F716210072054B /* Assets.xcassets */; };
		323CEE4B22F716210072054B /* LaunchScreen.storyboard in Resources */ = {isa = PBXBuildFile; fileRef = 323CEE4922F716210072054B /* LaunchScreen.storyboard */; };
		323CEE5622F716210072054B /* TodoeyTests.swift in Sources */ = {isa = PBXBuildFile; fileRef = 323CEE5522F716210072054B /* TodoeyTests.swift */; };
		323CEE6122F716210072054B /* TodoeyUITests.swift in Sources */ = {isa = PBXBuildFile; fileRef = 323CEE6022F716210072054B /* TodoeyUITests.swift */; };
/* End PBXBuildFile section */

/* Begin PBXContainerItemProxy section */
		323CEE5222F716210072054B /* PBXContainerItemProxy */ = {
			isa = PBXContainerItemProxy;
			containerPortal = 323CEE3222F7161F0072054B /* Project object */;
			proxyType = 1;
			remoteGlobalIDString = 323CEE3922F7161F0072054B;
			remoteInfo = Todoey;
		};
		323CEE5D22F716210072054B /* PBXContainerItemProxy */ = {
			isa = PBXContainerItemProxy;
			containerPortal = 323CEE3222F7161F0072054B /* Project object */;
			proxyType = 1;
			remoteGlobalIDString = 323CEE3922F7161F0072054B;
			remoteInfo = Todoey;
		};
/* End PBXContainerItemProxy section */

/* Begin PBXFileReference section */
		3235359F22FB1D5900B62D3E /* Item.swift */ = {isa = PBXFileReference; lastKnownFileType = sourcecode.swift; path = Item.swift; sourceTree = "<group>"; };
		323CEE3A22F7161F0072054B /* Todoey.app */ = {isa = PBXFileReference; explicitFileType = wrapper.application; includeInIndex = 0; path = Todoey.app; sourceTree = BUILT_PRODUCTS_DIR; };
		323CEE3D22F7161F0072054B /* AppDelegate.swift */ = {isa = PBXFileReference; lastKnownFileType = sourcecode.swift; path = AppDelegate.swift; sourceTree = "<group>"; };
		323CEE3F22F7161F0072054B /* TodoListViewController.swift */ = {isa = PBXFileReference; lastKnownFileType = sourcecode.swift; path = TodoListViewController.swift; sourceTree = "<group>"; };
		323CEE4222F7161F0072054B /* Base */ = {isa = PBXFileReference; lastKnownFileType = file.storyboard; name = Base; path = Base.lproj/Main.storyboard; sourceTree = "<group>"; };
		323CEE4522F7161F0072054B /* Todoey.xcdatamodel */ = {isa = PBXFileReference; lastKnownFileType = wrapper.xcdatamodel; path = Todoey.xcdatamodel; sourceTree = "<group>"; };
		323CEE4722F716210072054B /* Assets.xcassets */ = {isa = PBXFileReference; lastKnownFileType = folder.assetcatalog; path = Assets.xcassets; sourceTree = "<group>"; };
		323CEE4A22F716210072054B /* Base */ = {isa = PBXFileReference; lastKnownFileType = file.storyboard; name = Base; path = Base.lproj/LaunchScreen.storyboard; sourceTree = "<group>"; };
		323CEE4C22F716210072054B /* Info.plist */ = {isa = PBXFileReference; lastKnownFileType = text.plist.xml; path = Info.plist; sourceTree = "<group>"; };
		323CEE5122F716210072054B /* TodoeyTests.xctest */ = {isa = PBXFileReference; explicitFileType = wrapper.cfbundle; includeInIndex = 0; path = TodoeyTests.xctest; sourceTree = BUILT_PRODUCTS_DIR; };
		323CEE5522F716210072054B /* TodoeyTests.swift */ = {isa = PBXFileReference; lastKnownFileType = sourcecode.swift; path = TodoeyTests.swift; sourceTree = "<group>"; };
		323CEE5722F716210072054B /* Info.plist */ = {isa = PBXFileReference; lastKnownFileType = text.plist.xml; path = Info.plist; sourceTree = "<group>"; };
		323CEE5C22F716210072054B /* TodoeyUITests.xctest */ = {isa = PBXFileReference; explicitFileType = wrapper.cfbundle; includeInIndex = 0; path = TodoeyUITests.xctest; sourceTree = BUILT_PRODUCTS_DIR; };
		323CEE6022F716210072054B /* TodoeyUITests.swift */ = {isa = PBXFileReference; lastKnownFileType = sourcecode.swift; path = TodoeyUITests.swift; sourceTree = "<group>"; };
		323CEE6222F716210072054B /* Info.plist */ = {isa = PBXFileReference; lastKnownFileType = text.plist.xml; path = Info.plist; sourceTree = "<group>"; };
/* End PBXFileReference section */

/* Begin PBXFrameworksBuildPhase section */
		323CEE3722F7161F0072054B /* Frameworks */ = {
			isa = PBXFrameworksBuildPhase;
			buildActionMask = 2147483647;
			files = (
			);
			runOnlyForDeploymentPostprocessing = 0;
		};
		323CEE4E22F716210072054B /* Frameworks */ = {
			isa = PBXFrameworksBuildPhase;
			buildActionMask = 2147483647;
			files = (
			);
			runOnlyForDeploymentPostprocessing = 0;
		};
		323CEE5922F716210072054B /* Frameworks */ = {
			isa = PBXFrameworksBuildPhase;
			buildActionMask = 2147483647;
			files = (
			);
			runOnlyForDeploymentPostprocessing = 0;
		};
/* End PBXFrameworksBuildPhase section */

/* Begin PBXGroup section */
		323535A122FB25A100B62D3E /* Model */ = {
			isa = PBXGroup;
			children = (
				3235359F22FB1D5900B62D3E /* Item.swift */,
			);
			path = Model;
			sourceTree = "<group>";
		};
		323535A222FB25A600B62D3E /* Controller */ = {
			isa = PBXGroup;
			children = (
				323CEE3F22F7161F0072054B /* TodoListViewController.swift */,
			);
			path = Controller;
			sourceTree = "<group>";
		};
		323535A322FB25B400B62D3E /* View */ = {
			isa = PBXGroup;
			children = (
				323CEE4122F7161F0072054B /* Main.storyboard */,
			);
			path = View;
			sourceTree = "<group>";
		};
		323535A422FB25BB00B62D3E /* Supporting Files */ = {
			isa = PBXGroup;
			children = (
				323CEE4922F716210072054B /* LaunchScreen.storyboard */,
				323CEE4722F716210072054B /* Assets.xcassets */,
			);
			path = "Supporting Files";
			sourceTree = "<group>";
		};
		323CEE3122F7161F0072054B = {
			isa = PBXGroup;
			children = (
				323CEE3C22F7161F0072054B /* Todoey */,
				323CEE5422F716210072054B /* TodoeyTests */,
				323CEE5F22F716210072054B /* TodoeyUITests */,
				323CEE3B22F7161F0072054B /* Products */,
			);
			sourceTree = "<group>";
		};
		323CEE3B22F7161F0072054B /* Products */ = {
			isa = PBXGroup;
			children = (
				323CEE3A22F7161F0072054B /* Todoey.app */,
				323CEE5122F716210072054B /* TodoeyTests.xctest */,
				323CEE5C22F716210072054B /* TodoeyUITests.xctest */,
			);
			name = Products;
			sourceTree = "<group>";
		};
		323CEE3C22F7161F0072054B /* Todoey */ = {
			isa = PBXGroup;
			children = (
				323CEE3D22F7161F0072054B /* AppDelegate.swift */,
				323535A222FB25A600B62D3E /* Controller */,
				323535A122FB25A100B62D3E /* Model */,
				323535A322FB25B400B62D3E /* View */,
				323535A422FB25BB00B62D3E /* Supporting Files */,
				323CEE4C22F716210072054B /* Info.plist */,
				323CEE4422F7161F0072054B /* Todoey.xcdatamodeld */,
			);
			path = Todoey;
			sourceTree = "<group>";
		};
		323CEE5422F716210072054B /* TodoeyTests */ = {
			isa = PBXGroup;
			children = (
				323CEE5522F716210072054B /* TodoeyTests.swift */,
				323CEE5722F716210072054B /* Info.plist */,
			);
			path = TodoeyTests;
			sourceTree = "<group>";
		};
		323CEE5F22F716210072054B /* TodoeyUITests */ = {
			isa = PBXGroup;
			children = (
				323CEE6022F716210072054B /* TodoeyUITests.swift */,
				323CEE6222F716210072054B /* Info.plist */,
			);
			path = TodoeyUITests;
			sourceTree = "<group>";
		};
/* End PBXGroup section */

/* Begin PBXNativeTarget section */
		323CEE3922F7161F0072054B /* Todoey */ = {
			isa = PBXNativeTarget;
			buildConfigurationList = 323CEE6522F716210072054B /* Build configuration list for PBXNativeTarget "Todoey" */;
			buildPhases = (
				323CEE3622F7161F0072054B /* Sources */,
				323CEE3722F7161F0072054B /* Frameworks */,
				323CEE3822F7161F0072054B /* Resources */,
			);
			buildRules = (
			);
			dependencies = (
			);
			name = Todoey;
			productName = Todoey;
			productReference = 323CEE3A22F7161F0072054B /* Todoey.app */;
			productType = "com.apple.product-type.application";
		};
		323CEE5022F716210072054B /* TodoeyTests */ = {
			isa = PBXNativeTarget;
			buildConfigurationList = 323CEE6822F716210072054B /* Build configuration list for PBXNativeTarget "TodoeyTests" */;
			buildPhases = (
				323CEE4D22F716210072054B /* Sources */,
				323CEE4E22F716210072054B /* Frameworks */,
				323CEE4F22F716210072054B /* Resources */,
			);
			buildRules = (
			);
			dependencies = (
				323CEE5322F716210072054B /* PBXTargetDependency */,
			);
			name = TodoeyTests;
			productName = TodoeyTests;
			productReference = 323CEE5122F716210072054B /* TodoeyTests.xctest */;
			productType = "com.apple.product-type.bundle.unit-test";
		};
		323CEE5B22F716210072054B /* TodoeyUITests */ = {
			isa = PBXNativeTarget;
			buildConfigurationList = 323CEE6B22F716210072054B /* Build configuration list for PBXNativeTarget "TodoeyUITests" */;
			buildPhases = (
				323CEE5822F716210072054B /* Sources */,
				323CEE5922F716210072054B /* Frameworks */,
				323CEE5A22F716210072054B /* Resources */,
			);
			buildRules = (
			);
			dependencies = (
				323CEE5E22F716210072054B /* PBXTargetDependency */,
			);
			name = TodoeyUITests;
			productName = TodoeyUITests;
			productReference = 323CEE5C22F716210072054B /* TodoeyUITests.xctest */;
			productType = "com.apple.product-type.bundle.ui-testing";
		};
/* End PBXNativeTarget section */

/* Begin PBXProject section */
		323CEE3222F7161F0072054B /* Project object */ = {
			isa = PBXProject;
			attributes = {
				LastSwiftUpdateCheck = 1020;
				LastUpgradeCheck = 1020;
				ORGANIZATIONNAME = "Vincent Luo";
				TargetAttributes = {
					323CEE3922F7161F0072054B = {
						CreatedOnToolsVersion = 10.2.1;
					};
					323CEE5022F716210072054B = {
						CreatedOnToolsVersion = 10.2.1;
						TestTargetID = 323CEE3922F7161F0072054B;
					};
					323CEE5B22F716210072054B = {
						CreatedOnToolsVersion = 10.2.1;
						TestTargetID = 323CEE3922F7161F0072054B;
					};
				};
			};
			buildConfigurationList = 323CEE3522F7161F0072054B /* Build configuration list for PBXProject "Todoey" */;
			compatibilityVersion = "Xcode 9.3";
			developmentRegion = en;
			hasScannedForEncodings = 0;
			knownRegions = (
				en,
				Base,
			);
			mainGroup = 323CEE3122F7161F0072054B;
			productRefGroup = 323CEE3B22F7161F0072054B /* Products */;
			projectDirPath = "";
			projectRoot = "";
			targets = (
				323CEE3922F7161F0072054B /* Todoey */,
				323CEE5022F716210072054B /* TodoeyTests */,
				323CEE5B22F716210072054B /* TodoeyUITests */,
			);
		};
/* End PBXProject section */

/* Begin PBXResourcesBuildPhase section */
		323CEE3822F7161F0072054B /* Resources */ = {
			isa = PBXResourcesBuildPhase;
			buildActionMask = 2147483647;
			files = (
				323CEE4B22F716210072054B /* LaunchScreen.storyboard in Resources */,
				323CEE4822F716210072054B /* Assets.xcassets in Resources */,
				323CEE4322F7161F0072054B /* Main.storyboard in Resources */,
			);
			runOnlyForDeploymentPostprocessing = 0;
		};
		323CEE4F22F716210072054B /* Resources */ = {
			isa = PBXResourcesBuildPhase;
			buildActionMask = 2147483647;
			files = (
			);
			runOnlyForDeploymentPostprocessing = 0;
		};
		323CEE5A22F716210072054B /* Resources */ = {
			isa = PBXResourcesBuildPhase;
			buildActionMask = 2147483647;
			files = (
			);
			runOnlyForDeploymentPostprocessing = 0;
		};
/* End PBXResourcesBuildPhase section */

/* Begin PBXSourcesBuildPhase section */
		323CEE3622F7161F0072054B /* Sources */ = {
			isa = PBXSourcesBuildPhase;
			buildActionMask = 2147483647;
			files = (
				323CEE4022F7161F0072054B /* TodoListViewController.swift in Sources */,
				323CEE3E22F7161F0072054B /* AppDelegate.swift in Sources */,
				323535A022FB1D5900B62D3E /* Item.swift in Sources */,
				323CEE4622F7161F0072054B /* Todoey.xcdatamodeld in Sources */,
			);
			runOnlyForDeploymentPostprocessing = 0;
		};
		323CEE4D22F716210072054B /* Sources */ = {
			isa = PBXSourcesBuildPhase;
			buildActionMask = 2147483647;
			files = (
				323CEE5622F716210072054B /* TodoeyTests.swift in Sources */,
			);
			runOnlyForDeploymentPostprocessing = 0;
		};
		323CEE5822F716210072054B /* Sources */ = {
			isa = PBXSourcesBuildPhase;
			buildActionMask = 2147483647;
			files = (
				323CEE6122F716210072054B /* TodoeyUITests.swift in Sources */,
			);
			runOnlyForDeploymentPostprocessing = 0;
		};
/* End PBXSourcesBuildPhase section */

/* Begin PBXTargetDependency section */
		323CEE5322F716210072054B /* PBXTargetDependency */ = {
			isa = PBXTargetDependency;
			target = 323CEE3922F7161F0072054B /* Todoey */;
			targetProxy = 323CEE5222F716210072054B /* PBXContainerItemProxy */;
		};
		323CEE5E22F716210072054B /* PBXTargetDependency */ = {
			isa = PBXTargetDependency;
			target = 323CEE3922F7161F0072054B /* Todoey */;
			targetProxy = 323CEE5D22F716210072054B /* PBXContainerItemProxy */;
		};
/* End PBXTargetDependency section */

/* Begin PBXVariantGroup section */
		323CEE4122F7161F0072054B /* Main.storyboard */ = {
			isa = PBXVariantGroup;
			children = (
				323CEE4222F7161F0072054B /* Base */,
			);
			name = Main.storyboard;
			sourceTree = "<group>";
		};
		323CEE4922F716210072054B /* LaunchScreen.storyboard */ = {
			isa = PBXVariantGroup;
			children = (
				323CEE4A22F716210072054B /* Base */,
			);
			name = LaunchScreen.storyboard;
			sourceTree = "<group>";
		};
/* End PBXVariantGroup section */

/* Begin XCBuildConfiguration section */
		323CEE6322F716210072054B /* Debug */ = {
			isa = XCBuildConfiguration;
			buildSettings = {
				ALWAYS_SEARCH_USER_PATHS = NO;
				CLANG_ANALYZER_NONNULL = YES;
				CLANG_ANALYZER_NUMBER_OBJECT_CONVERSION = YES_AGGRESSIVE;
				CLANG_CXX_LANGUAGE_STANDARD = "gnu++14";
				CLANG_CXX_LIBRARY = "libc++";
				CLANG_ENABLE_MODULES = YES;
				CLANG_ENABLE_OBJC_ARC = YES;
				CLANG_ENABLE_OBJC_WEAK = YES;
				CLANG_WARN_BLOCK_CAPTURE_AUTORELEASING = YES;
				CLANG_WARN_BOOL_CONVERSION = YES;
				CLANG_WARN_COMMA = YES;
				CLANG_WARN_CONSTANT_CONVERSION = YES;
				CLANG_WARN_DEPRECATED_OBJC_IMPLEMENTATIONS = YES;
				CLANG_WARN_DIRECT_OBJC_ISA_USAGE = YES_ERROR;
				CLANG_WARN_DOCUMENTATION_COMMENTS = YES;
				CLANG_WARN_EMPTY_BODY = YES;
				CLANG_WARN_ENUM_CONVERSION = YES;
				CLANG_WARN_INFINITE_RECURSION = YES;
				CLANG_WARN_INT_CONVERSION = YES;
				CLANG_WARN_NON_LITERAL_NULL_CONVERSION = YES;
				CLANG_WARN_OBJC_IMPLICIT_RETAIN_SELF = YES;
				CLANG_WARN_OBJC_LITERAL_CONVERSION = YES;
				CLANG_WARN_OBJC_ROOT_CLASS = YES_ERROR;
				CLANG_WARN_RANGE_LOOP_ANALYSIS = YES;
				CLANG_WARN_STRICT_PROTOTYPES = YES;
				CLANG_WARN_SUSPICIOUS_MOVE = YES;
				CLANG_WARN_UNGUARDED_AVAILABILITY = YES_AGGRESSIVE;
				CLANG_WARN_UNREACHABLE_CODE = YES;
				CLANG_WARN__DUPLICATE_METHOD_MATCH = YES;
				CODE_SIGN_IDENTITY = "iPhone Developer";
				COPY_PHASE_STRIP = NO;
				DEBUG_INFORMATION_FORMAT = dwarf;
				ENABLE_STRICT_OBJC_MSGSEND = YES;
				ENABLE_TESTABILITY = YES;
				GCC_C_LANGUAGE_STANDARD = gnu11;
				GCC_DYNAMIC_NO_PIC = NO;
				GCC_NO_COMMON_BLOCKS = YES;
				GCC_OPTIMIZATION_LEVEL = 0;
				GCC_PREPROCESSOR_DEFINITIONS = (
					"DEBUG=1",
					"$(inherited)",
				);
				GCC_WARN_64_TO_32_BIT_CONVERSION = YES;
				GCC_WARN_ABOUT_RETURN_TYPE = YES_ERROR;
				GCC_WARN_UNDECLARED_SELECTOR = YES;
				GCC_WARN_UNINITIALIZED_AUTOS = YES_AGGRESSIVE;
				GCC_WARN_UNUSED_FUNCTION = YES;
				GCC_WARN_UNUSED_VARIABLE = YES;
				IPHONEOS_DEPLOYMENT_TARGET = 12.2;
				MTL_ENABLE_DEBUG_INFO = INCLUDE_SOURCE;
				MTL_FAST_MATH = YES;
				ONLY_ACTIVE_ARCH = YES;
				SDKROOT = iphoneos;
				SWIFT_ACTIVE_COMPILATION_CONDITIONS = DEBUG;
				SWIFT_OPTIMIZATION_LEVEL = "-Onone";
			};
			name = Debug;
		};
		323CEE6422F716210072054B /* Release */ = {
			isa = XCBuildConfiguration;
			buildSettings = {
				ALWAYS_SEARCH_USER_PATHS = NO;
				CLANG_ANALYZER_NONNULL = YES;
				CLANG_ANALYZER_NUMBER_OBJECT_CONVERSION = YES_AGGRESSIVE;
				CLANG_CXX_LANGUAGE_STANDARD = "gnu++14";
				CLANG_CXX_LIBRARY = "libc++";
				CLANG_ENABLE_MODULES = YES;
				CLANG_ENABLE_OBJC_ARC = YES;
				CLANG_ENABLE_OBJC_WEAK = YES;
				CLANG_WARN_BLOCK_CAPTURE_AUTORELEASING = YES;
				CLANG_WARN_BOOL_CONVERSION = YES;
				CLANG_WARN_COMMA = YES;
				CLANG_WARN_CONSTANT_CONVERSION = YES;
				CLANG_WARN_DEPRECATED_OBJC_IMPLEMENTATIONS = YES;
				CLANG_WARN_DIRECT_OBJC_ISA_USAGE = YES_ERROR;
				CLANG_WARN_DOCUMENTATION_COMMENTS = YES;
				CLANG_WARN_EMPTY_BODY = YES;
				CLANG_WARN_ENUM_CONVERSION = YES;
				CLANG_WARN_INFINITE_RECURSION = YES;
				CLANG_WARN_INT_CONVERSION = YES;
				CLANG_WARN_NON_LITERAL_NULL_CONVERSION = YES;
				CLANG_WARN_OBJC_IMPLICIT_RETAIN_SELF = YES;
				CLANG_WARN_OBJC_LITERAL_CONVERSION = YES;
				CLANG_WARN_OBJC_ROOT_CLASS = YES_ERROR;
				CLANG_WARN_RANGE_LOOP_ANALYSIS = YES;
				CLANG_WARN_STRICT_PROTOTYPES = YES;
				CLANG_WARN_SUSPICIOUS_MOVE = YES;
				CLANG_WARN_UNGUARDED_AVAILABILITY = YES_AGGRESSIVE;
				CLANG_WARN_UNREACHABLE_CODE = YES;
				CLANG_WARN__DUPLICATE_METHOD_MATCH = YES;
				CODE_SIGN_IDENTITY = "iPhone Developer";
				COPY_PHASE_STRIP = NO;
				DEBUG_INFORMATION_FORMAT = "dwarf-with-dsym";
				ENABLE_NS_ASSERTIONS = NO;
				ENABLE_STRICT_OBJC_MSGSEND = YES;
				GCC_C_LANGUAGE_STANDARD = gnu11;
				GCC_NO_COMMON_BLOCKS = YES;
				GCC_WARN_64_TO_32_BIT_CONVERSION = YES;
				GCC_WARN_ABOUT_RETURN_TYPE = YES_ERROR;
				GCC_WARN_UNDECLARED_SELECTOR = YES;
				GCC_WARN_UNINITIALIZED_AUTOS = YES_AGGRESSIVE;
				GCC_WARN_UNUSED_FUNCTION = YES;
				GCC_WARN_UNUSED_VARIABLE = YES;
				IPHONEOS_DEPLOYMENT_TARGET = 12.2;
				MTL_ENABLE_DEBUG_INFO = NO;
				MTL_FAST_MATH = YES;
				SDKROOT = iphoneos;
				SWIFT_COMPILATION_MODE = wholemodule;
				SWIFT_OPTIMIZATION_LEVEL = "-O";
				VALIDATE_PRODUCT = YES;
			};
			name = Release;
		};
		323CEE6622F716210072054B /* Debug */ = {
			isa = XCBuildConfiguration;
			buildSettings = {
				ASSETCATALOG_COMPILER_APPICON_NAME = AppIcon;
				CODE_SIGN_STYLE = Automatic;
				INFOPLIST_FILE = Todoey/Info.plist;
				LD_RUNPATH_SEARCH_PATHS = (
					"$(inherited)",
					"@executable_path/Frameworks",
				);
				PRODUCT_BUNDLE_IDENTIFIER = com.vincent.Todoey;
				PRODUCT_NAME = "$(TARGET_NAME)";
				SWIFT_VERSION = 5.0;
				TARGETED_DEVICE_FAMILY = "1,2";
			};
			name = Debug;
		};
		323CEE6722F716210072054B /* Release */ = {
			isa = XCBuildConfiguration;
			buildSettings = {
				ASSETCATALOG_COMPILER_APPICON_NAME = AppIcon;
				CODE_SIGN_STYLE = Automatic;
				INFOPLIST_FILE = Todoey/Info.plist;
				LD_RUNPATH_SEARCH_PATHS = (
					"$(inherited)",
					"@executable_path/Frameworks",
				);
				PRODUCT_BUNDLE_IDENTIFIER = com.vincent.Todoey;
				PRODUCT_NAME = "$(TARGET_NAME)";
				SWIFT_VERSION = 5.0;
				TARGETED_DEVICE_FAMILY = "1,2";
			};
			name = Release;
		};
		323CEE6922F716210072054B /* Debug */ = {
			isa = XCBuildConfiguration;
			buildSettings = {
				ALWAYS_EMBED_SWIFT_STANDARD_LIBRARIES = YES;
				BUNDLE_LOADER = "$(TEST_HOST)";
				CODE_SIGN_STYLE = Automatic;
				INFOPLIST_FILE = TodoeyTests/Info.plist;
				LD_RUNPATH_SEARCH_PATHS = (
					"$(inherited)",
					"@executable_path/Frameworks",
					"@loader_path/Frameworks",
				);
				PRODUCT_BUNDLE_IDENTIFIER = com.vincent.TodoeyTests;
				PRODUCT_NAME = "$(TARGET_NAME)";
				SWIFT_VERSION = 5.0;
				TARGETED_DEVICE_FAMILY = "1,2";
				TEST_HOST = "$(BUILT_PRODUCTS_DIR)/Todoey.app/Todoey";
			};
			name = Debug;
		};
		323CEE6A22F716210072054B /* Release */ = {
			isa = XCBuildConfiguration;
			buildSettings = {
				ALWAYS_EMBED_SWIFT_STANDARD_LIBRARIES = YES;
				BUNDLE_LOADER = "$(TEST_HOST)";
				CODE_SIGN_STYLE = Automatic;
				INFOPLIST_FILE = TodoeyTests/Info.plist;
				LD_RUNPATH_SEARCH_PATHS = (
					"$(inherited)",
					"@executable_path/Frameworks",
					"@loader_path/Frameworks",
				);
				PRODUCT_BUNDLE_IDENTIFIER = com.vincent.TodoeyTests;
				PRODUCT_NAME = "$(TARGET_NAME)";
				SWIFT_VERSION = 5.0;
				TARGETED_DEVICE_FAMILY = "1,2";
				TEST_HOST = "$(BUILT_PRODUCTS_DIR)/Todoey.app/Todoey";
			};
			name = Release;
		};
		323CEE6C22F716210072054B /* Debug */ = {
			isa = XCBuildConfiguration;
			buildSettings = {
				ALWAYS_EMBED_SWIFT_STANDARD_LIBRARIES = YES;
				CODE_SIGN_STYLE = Automatic;
				INFOPLIST_FILE = TodoeyUITests/Info.plist;
				LD_RUNPATH_SEARCH_PATHS = (
					"$(inherited)",
					"@executable_path/Frameworks",
					"@loader_path/Frameworks",
				);
				PRODUCT_BUNDLE_IDENTIFIER = com.vincent.TodoeyUITests;
				PRODUCT_NAME = "$(TARGET_NAME)";
				SWIFT_VERSION = 5.0;
				TARGETED_DEVICE_FAMILY = "1,2";
				TEST_TARGET_NAME = Todoey;
			};
			name = Debug;
		};
		323CEE6D22F716210072054B /* Release */ = {
			isa = XCBuildConfiguration;
			buildSettings = {
				ALWAYS_EMBED_SWIFT_STANDARD_LIBRARIES = YES;
				CODE_SIGN_STYLE = Automatic;
				INFOPLIST_FILE = TodoeyUITests/Info.plist;
				LD_RUNPATH_SEARCH_PATHS = (
					"$(inherited)",
					"@executable_path/Frameworks",
					"@loader_path/Frameworks",
				);
				PRODUCT_BUNDLE_IDENTIFIER = com.vincent.TodoeyUITests;
				PRODUCT_NAME = "$(TARGET_NAME)";
				SWIFT_VERSION = 5.0;
				TARGETED_DEVICE_FAMILY = "1,2";
				TEST_TARGET_NAME = Todoey;
			};
			name = Release;
		};
/* End XCBuildConfiguration section */

/* Begin XCConfigurationList section */
		323CEE3522F7161F0072054B /* Build configuration list for PBXProject "Todoey" */ = {
			isa = XCConfigurationList;
			buildConfigurations = (
				323CEE6322F716210072054B /* Debug */,
				323CEE6422F716210072054B /* Release */,
			);
			defaultConfigurationIsVisible = 0;
			defaultConfigurationName = Release;
		};
		323CEE6522F716210072054B /* Build configuration list for PBXNativeTarget "Todoey" */ = {
			isa = XCConfigurationList;
			buildConfigurations = (
				323CEE6622F716210072054B /* Debug */,
				323CEE6722F716210072054B /* Release */,
			);
			defaultConfigurationIsVisible = 0;
			defaultConfigurationName = Release;
		};
		323CEE6822F716210072054B /* Build configuration list for PBXNativeTarget "TodoeyTests" */ = {
			isa = XCConfigurationList;
			buildConfigurations = (
				323CEE6922F716210072054B /* Debug */,
				323CEE6A22F716210072054B /* Release */,
			);
			defaultConfigurationIsVisible = 0;
			defaultConfigurationName = Release;
		};
		323CEE6B22F716210072054B /* Build configuration list for PBXNativeTarget "TodoeyUITests" */ = {
			isa = XCConfigurationList;
			buildConfigurations = (
				323CEE6C22F716210072054B /* Debug */,
				323CEE6D22F716210072054B /* Release */,
			);
			defaultConfigurationIsVisible = 0;
			defaultConfigurationName = Release;
		};
/* End XCConfigurationList section */

/* Begin XCVersionGroup section */
		323CEE4422F7161F0072054B /* Todoey.xcdatamodeld */ = {
			isa = XCVersionGroup;
			children = (
				323CEE4522F7161F0072054B /* Todoey.xcdatamodel */,
			);
			currentVersion = 323CEE4522F7161F0072054B /* Todoey.xcdatamodel */;
			path = Todoey.xcdatamodeld;
			sourceTree = "<group>";
			versionGroupType = wrapper.xcdatamodel;
		};
/* End XCVersionGroup section */
	};
	rootObject = 323CEE3222F7161F0072054B /* Project object */;
}
